
Microsoft Visual Studio Solution File, Format Version 12.00
# Visual Studio Version 17
VisualStudioVersion = 17.6.33801.468
MinimumVisualStudioVersion = 10.0.40219.1
Project("{FAE04EC0-301F-11D3-BF4B-00C04F79EFBC}") = "task", "task.csproj", "{78593CA4-1C20-4195-BF6D-0A901B4E3763}"
EndProject
Global
	GlobalSection(SolutionConfigurationPlatforms) = preSolution
		Debug|Any CPU = Debug|Any CPU
		Release|Any CPU = Release|Any CPU
	EndGlobalSection
	GlobalSection(ProjectConfigurationPlatforms) = postSolution
		{78593CA4-1C20-4195-BF6D-0A901B4E3763}.Debug|Any CPU.ActiveCfg = Debug|Any CPU
		{78593CA4-1C20-4195-BF6D-0A901B4E3763}.Debug|Any CPU.Build.0 = Debug|Any CPU
		{78593CA4-1C20-4195-BF6D-0A901B4E3763}.Release|Any CPU.ActiveCfg = Release|Any CPU
		{78593CA4-1C20-4195-BF6D-0A901B4E3763}.Release|Any CPU.Build.0 = Release|Any CPU
	EndGlobalSection
	GlobalSection(SolutionProperties) = preSolution
		HideSolutionNode = FALSE
	EndGlobalSection
	GlobalSection(ExtensibilityGlobals) = postSolution
		SolutionGuid = {A4CC691B-21C6-464D-A515-37EE898DE03F}
	EndGlobalSection
EndGlobal
