
Microsoft Visual Studio Solution File, Format Version 12.00
# Visual Studio Version 17
VisualStudioVersion = 17.6.33801.468
MinimumVisualStudioVersion = 10.0.40219.1
Project("{9A19103F-16F7-4668-BE54-9A1E7A4F7556}") = "ECommerce.DataAccessLayer", "ECommerce.DataAccessLayer\ECommerce.DataAccessLayer.csproj", "{56302D1A-6B66-4ECA-B410-A604F5D698DF}"
EndProject
Project("{9A19103F-16F7-4668-BE54-9A1E7A4F7556}") = "ECommerce.Entities", "ECommerce.Entities\ECommerce.Entities.csproj", "{6CD47730-2C2E-49BD-A8A5-2C39278F8F4A}"
EndProject
Project("{9A19103F-16F7-4668-BE54-9A1E7A4F7556}") = "ECommerce.Business", "ECommerce.Business\ECommerce.Business.csproj", "{20AB571A-4446-4293-8394-B74605347A5D}"
EndProject
Project("{9A19103F-16F7-4668-BE54-9A1E7A4F7556}") = "Core", "Core\Core.csproj", "{22F4E026-F55F-4D9B-AB36-994A02180BBF}"
EndProject
Project("{FAE04EC0-301F-11D3-BF4B-00C04F79EFBC}") = "WebAPI", "WebAPI\WebAPI.csproj", "{89238C37-CF66-4A45-BBBC-2A22CEE9CBB0}"
EndProject
Global
	GlobalSection(SolutionConfigurationPlatforms) = preSolution
		Debug|Any CPU = Debug|Any CPU
		Release|Any CPU = Release|Any CPU
	EndGlobalSection
	GlobalSection(ProjectConfigurationPlatforms) = postSolution
		{56302D1A-6B66-4ECA-B410-A604F5D698DF}.Debug|Any CPU.ActiveCfg = Debug|Any CPU
		{56302D1A-6B66-4ECA-B410-A604F5D698DF}.Debug|Any CPU.Build.0 = Debug|Any CPU
		{56302D1A-6B66-4ECA-B410-A604F5D698DF}.Release|Any CPU.ActiveCfg = Release|Any CPU
		{56302D1A-6B66-4ECA-B410-A604F5D698DF}.Release|Any CPU.Build.0 = Release|Any CPU
		{6CD47730-2C2E-49BD-A8A5-2C39278F8F4A}.Debug|Any CPU.ActiveCfg = Debug|Any CPU
		{6CD47730-2C2E-49BD-A8A5-2C39278F8F4A}.Debug|Any CPU.Build.0 = Debug|Any CPU
		{6CD47730-2C2E-49BD-A8A5-2C39278F8F4A}.Release|Any CPU.ActiveCfg = Release|Any CPU
		{6CD47730-2C2E-49BD-A8A5-2C39278F8F4A}.Release|Any CPU.Build.0 = Release|Any CPU
		{20AB571A-4446-4293-8394-B74605347A5D}.Debug|Any CPU.ActiveCfg = Debug|Any CPU
		{20AB571A-4446-4293-8394-B74605347A5D}.Debug|Any CPU.Build.0 = Debug|Any CPU
		{20AB571A-4446-4293-8394-B74605347A5D}.Release|Any CPU.ActiveCfg = Release|Any CPU
		{20AB571A-4446-4293-8394-B74605347A5D}.Release|Any CPU.Build.0 = Release|Any CPU
		{22F4E026-F55F-4D9B-AB36-994A02180BBF}.Debug|Any CPU.ActiveCfg = Debug|Any CPU
		{22F4E026-F55F-4D9B-AB36-994A02180BBF}.Debug|Any CPU.Build.0 = Debug|Any CPU
		{22F4E026-F55F-4D9B-AB36-994A02180BBF}.Release|Any CPU.ActiveCfg = Release|Any CPU
		{22F4E026-F55F-4D9B-AB36-994A02180BBF}.Release|Any CPU.Build.0 = Release|Any CPU
		{89238C37-CF66-4A45-BBBC-2A22CEE9CBB0}.Debug|Any CPU.ActiveCfg = Debug|Any CPU
		{89238C37-CF66-4A45-BBBC-2A22CEE9CBB0}.Debug|Any CPU.Build.0 = Debug|Any CPU
		{89238C37-CF66-4A45-BBBC-2A22CEE9CBB0}.Release|Any CPU.ActiveCfg = Release|Any CPU
		{89238C37-CF66-4A45-BBBC-2A22CEE9CBB0}.Release|Any CPU.Build.0 = Release|Any CPU
	EndGlobalSection
	GlobalSection(SolutionProperties) = preSolution
		HideSolutionNode = FALSE
	EndGlobalSection
	GlobalSection(ExtensibilityGlobals) = postSolution
		SolutionGuid = {A1194239-E250-4E6C-8092-4428C40442D0}
	EndGlobalSection
EndGlobal
